
Microsoft Visual Studio Solution File, Format Version 12.00
# Visual Studio 15
VisualStudioVersion = 15.0.28307.1082
MinimumVisualStudioVersion = 10.0.40219.1
Project("{8BC9CEB8-8B4A-11D0-8D11-00A0C91BC942}") = "Exam", "Exam\Exam.vcxproj", "{D56FBF0F-1B82-45AA-BC0E-48796C8D7F09}"
EndProject
Project("{8BC9CEB8-8B4A-11D0-8D11-00A0C91BC942}") = "SerheiKuzmin", "SerheiKuzmin\SerheiKuzmin.vcxproj", "{247463C7-F9D6-4162-80D7-AD4CC011B956}"
EndProject
Project("{8BC9CEB8-8B4A-11D0-8D11-00A0C91BC942}") = "IvanPetrov", "IvanPetrov\IvanPetrov.vcxproj", "{A118810F-CD78-4983-934A-590ED6B90E63}"
EndProject
Project("{8BC9CEB8-8B4A-11D0-8D11-00A0C91BC942}") = "Linar", "Linar\Linar.vcxproj", "{7668C49B-0C64-4FC5-822F-F95E481EACD1}"
EndProject
Global
	GlobalSection(SolutionConfigurationPlatforms) = preSolution
		Debug|x64 = Debug|x64
		Debug|x86 = Debug|x86
		Release|x64 = Release|x64
		Release|x86 = Release|x86
	EndGlobalSection
	GlobalSection(ProjectConfigurationPlatforms) = postSolution
		{D56FBF0F-1B82-45AA-BC0E-48796C8D7F09}.Debug|x64.ActiveCfg = Debug|x64
		{D56FBF0F-1B82-45AA-BC0E-48796C8D7F09}.Debug|x64.Build.0 = Debug|x64
		{D56FBF0F-1B82-45AA-BC0E-48796C8D7F09}.Debug|x86.ActiveCfg = Debug|Win32
		{D56FBF0F-1B82-45AA-BC0E-48796C8D7F09}.Debug|x86.Build.0 = Debug|Win32
		{D56FBF0F-1B82-45AA-BC0E-48796C8D7F09}.Release|x64.ActiveCfg = Release|x64
		{D56FBF0F-1B82-45AA-BC0E-48796C8D7F09}.Release|x64.Build.0 = Release|x64
		{D56FBF0F-1B82-45AA-BC0E-48796C8D7F09}.Release|x86.ActiveCfg = Release|Win32
		{D56FBF0F-1B82-45AA-BC0E-48796C8D7F09}.Release|x86.Build.0 = Release|Win32
		{247463C7-F9D6-4162-80D7-AD4CC011B956}.Debug|x64.ActiveCfg = Debug|x64
		{247463C7-F9D6-4162-80D7-AD4CC011B956}.Debug|x64.Build.0 = Debug|x64
		{247463C7-F9D6-4162-80D7-AD4CC011B956}.Debug|x86.ActiveCfg = Debug|Win32
		{247463C7-F9D6-4162-80D7-AD4CC011B956}.Debug|x86.Build.0 = Debug|Win32
		{247463C7-F9D6-4162-80D7-AD4CC011B956}.Release|x64.ActiveCfg = Release|x64
		{247463C7-F9D6-4162-80D7-AD4CC011B956}.Release|x64.Build.0 = Release|x64
		{247463C7-F9D6-4162-80D7-AD4CC011B956}.Release|x86.ActiveCfg = Release|Win32
		{247463C7-F9D6-4162-80D7-AD4CC011B956}.Release|x86.Build.0 = Release|Win32
		{A118810F-CD78-4983-934A-590ED6B90E63}.Debug|x64.ActiveCfg = Debug|x64
		{A118810F-CD78-4983-934A-590ED6B90E63}.Debug|x64.Build.0 = Debug|x64
		{A118810F-CD78-4983-934A-590ED6B90E63}.Debug|x86.ActiveCfg = Debug|Win32
		{A118810F-CD78-4983-934A-590ED6B90E63}.Debug|x86.Build.0 = Debug|Win32
		{A118810F-CD78-4983-934A-590ED6B90E63}.Release|x64.ActiveCfg = Release|x64
		{A118810F-CD78-4983-934A-590ED6B90E63}.Release|x64.Build.0 = Release|x64
		{A118810F-CD78-4983-934A-590ED6B90E63}.Release|x86.ActiveCfg = Release|Win32
		{A118810F-CD78-4983-934A-590ED6B90E63}.Release|x86.Build.0 = Release|Win32
		{7668C49B-0C64-4FC5-822F-F95E481EACD1}.Debug|x64.ActiveCfg = Debug|x64
		{7668C49B-0C64-4FC5-822F-F95E481EACD1}.Debug|x64.Build.0 = Debug|x64
		{7668C49B-0C64-4FC5-822F-F95E481EACD1}.Debug|x86.ActiveCfg = Debug|Win32
		{7668C49B-0C64-4FC5-822F-F95E481EACD1}.Debug|x86.Build.0 = Debug|Win32
		{7668C49B-0C64-4FC5-822F-F95E481EACD1}.Release|x64.ActiveCfg = Release|x64
		{7668C49B-0C64-4FC5-822F-F95E481EACD1}.Release|x64.Build.0 = Release|x64
		{7668C49B-0C64-4FC5-822F-F95E481EACD1}.Release|x86.ActiveCfg = Release|Win32
		{7668C49B-0C64-4FC5-822F-F95E481EACD1}.Release|x86.Build.0 = Release|Win32
	EndGlobalSection
	GlobalSection(SolutionProperties) = preSolution
		HideSolutionNode = FALSE
	EndGlobalSection
	GlobalSection(ExtensibilityGlobals) = postSolution
		SolutionGuid = {C5D252F1-D582-46FA-B632-9FC9BF872E62}
	EndGlobalSection
EndGlobal
