
Microsoft Visual Studio Solution File, Format Version 12.00
# Visual Studio 15
VisualStudioVersion = 15.0.28307.1082
MinimumVisualStudioVersion = 10.0.40219.1
Project("{8BC9CEB8-8B4A-11D0-8D11-00A0C91BC942}") = "Pointers", "Pointers\Pointers.vcxproj", "{3380F1BD-0309-4B15-B84B-6BA196E633D4}"
EndProject
Project("{8BC9CEB8-8B4A-11D0-8D11-00A0C91BC942}") = "Arbitrary", "Arbitrary\Arbitrary.vcxproj", "{0AA33515-114E-417C-9A30-CC1025C937A6}"
EndProject
Project("{8BC9CEB8-8B4A-11D0-8D11-00A0C91BC942}") = "TransferParameters", "TransferParameters\TransferParameters.vcxproj", "{95A8E2DA-3856-4F4B-AC1D-D9B092683FD7}"
EndProject
Project("{8BC9CEB8-8B4A-11D0-8D11-00A0C91BC942}") = "Reference", "Reference\Reference.vcxproj", "{4CBD082B-6F8F-44BA-9E3D-086E8165B50B}"
EndProject
Global
	GlobalSection(SolutionConfigurationPlatforms) = preSolution
		Debug|x64 = Debug|x64
		Debug|x86 = Debug|x86
		Release|x64 = Release|x64
		Release|x86 = Release|x86
	EndGlobalSection
	GlobalSection(ProjectConfigurationPlatforms) = postSolution
		{3380F1BD-0309-4B15-B84B-6BA196E633D4}.Debug|x64.ActiveCfg = Debug|x64
		{3380F1BD-0309-4B15-B84B-6BA196E633D4}.Debug|x64.Build.0 = Debug|x64
		{3380F1BD-0309-4B15-B84B-6BA196E633D4}.Debug|x86.ActiveCfg = Debug|Win32
		{3380F1BD-0309-4B15-B84B-6BA196E633D4}.Debug|x86.Build.0 = Debug|Win32
		{3380F1BD-0309-4B15-B84B-6BA196E633D4}.Release|x64.ActiveCfg = Release|x64
		{3380F1BD-0309-4B15-B84B-6BA196E633D4}.Release|x64.Build.0 = Release|x64
		{3380F1BD-0309-4B15-B84B-6BA196E633D4}.Release|x86.ActiveCfg = Release|Win32
		{3380F1BD-0309-4B15-B84B-6BA196E633D4}.Release|x86.Build.0 = Release|Win32
		{0AA33515-114E-417C-9A30-CC1025C937A6}.Debug|x64.ActiveCfg = Debug|x64
		{0AA33515-114E-417C-9A30-CC1025C937A6}.Debug|x64.Build.0 = Debug|x64
		{0AA33515-114E-417C-9A30-CC1025C937A6}.Debug|x86.ActiveCfg = Debug|Win32
		{0AA33515-114E-417C-9A30-CC1025C937A6}.Debug|x86.Build.0 = Debug|Win32
		{0AA33515-114E-417C-9A30-CC1025C937A6}.Release|x64.ActiveCfg = Release|x64
		{0AA33515-114E-417C-9A30-CC1025C937A6}.Release|x64.Build.0 = Release|x64
		{0AA33515-114E-417C-9A30-CC1025C937A6}.Release|x86.ActiveCfg = Release|Win32
		{0AA33515-114E-417C-9A30-CC1025C937A6}.Release|x86.Build.0 = Release|Win32
		{95A8E2DA-3856-4F4B-AC1D-D9B092683FD7}.Debug|x64.ActiveCfg = Debug|x64
		{95A8E2DA-3856-4F4B-AC1D-D9B092683FD7}.Debug|x64.Build.0 = Debug|x64
		{95A8E2DA-3856-4F4B-AC1D-D9B092683FD7}.Debug|x86.ActiveCfg = Debug|Win32
		{95A8E2DA-3856-4F4B-AC1D-D9B092683FD7}.Debug|x86.Build.0 = Debug|Win32
		{95A8E2DA-3856-4F4B-AC1D-D9B092683FD7}.Release|x64.ActiveCfg = Release|x64
		{95A8E2DA-3856-4F4B-AC1D-D9B092683FD7}.Release|x64.Build.0 = Release|x64
		{95A8E2DA-3856-4F4B-AC1D-D9B092683FD7}.Release|x86.ActiveCfg = Release|Win32
		{95A8E2DA-3856-4F4B-AC1D-D9B092683FD7}.Release|x86.Build.0 = Release|Win32
		{4CBD082B-6F8F-44BA-9E3D-086E8165B50B}.Debug|x64.ActiveCfg = Debug|x64
		{4CBD082B-6F8F-44BA-9E3D-086E8165B50B}.Debug|x64.Build.0 = Debug|x64
		{4CBD082B-6F8F-44BA-9E3D-086E8165B50B}.Debug|x86.ActiveCfg = Debug|Win32
		{4CBD082B-6F8F-44BA-9E3D-086E8165B50B}.Debug|x86.Build.0 = Debug|Win32
		{4CBD082B-6F8F-44BA-9E3D-086E8165B50B}.Release|x64.ActiveCfg = Release|x64
		{4CBD082B-6F8F-44BA-9E3D-086E8165B50B}.Release|x64.Build.0 = Release|x64
		{4CBD082B-6F8F-44BA-9E3D-086E8165B50B}.Release|x86.ActiveCfg = Release|Win32
		{4CBD082B-6F8F-44BA-9E3D-086E8165B50B}.Release|x86.Build.0 = Release|Win32
	EndGlobalSection
	GlobalSection(SolutionProperties) = preSolution
		HideSolutionNode = FALSE
	EndGlobalSection
	GlobalSection(ExtensibilityGlobals) = postSolution
		SolutionGuid = {ACE0E04B-DAA8-4D66-B947-D7ED1FCFBA62}
	EndGlobalSection
EndGlobal
