
Microsoft Visual Studio Solution File, Format Version 12.00
# Visual Studio 15
VisualStudioVersion = 15.0.28307.1259
MinimumVisualStudioVersion = 10.0.40219.1
Project("{8BC9CEB8-8B4A-11D0-8D11-00A0C91BC942}") = "Arrays", "Arrays\Arrays.vcxproj", "{6EBB4D21-15AA-4EB5-AC26-FBC894EEFAC2}"
EndProject
Project("{8BC9CEB8-8B4A-11D0-8D11-00A0C91BC942}") = "HomeWork", "HomeWork\HomeWork.vcxproj", "{0BEED6CC-20F0-47CB-B6F2-C43BED0C0309}"
EndProject
Project("{8BC9CEB8-8B4A-11D0-8D11-00A0C91BC942}") = "Shift", "Shift\Shift.vcxproj", "{9410FC15-04A0-4569-AF16-D84D2F51A4DA}"
EndProject
Project("{8BC9CEB8-8B4A-11D0-8D11-00A0C91BC942}") = "Random", "Random\Random.vcxproj", "{ADD95326-3DFD-4207-ABC2-57E343B375AF}"
EndProject
Project("{8BC9CEB8-8B4A-11D0-8D11-00A0C91BC942}") = "Unique", "Unique\Unique.vcxproj", "{DDEA3B12-41BD-46BB-A61D-2733B1520FA3}"
EndProject
Project("{8BC9CEB8-8B4A-11D0-8D11-00A0C91BC942}") = "Hardcore", "Hardcore\Hardcore.vcxproj", "{EB91E0C1-B9BD-4873-86FF-DB3C54399712}"
EndProject
Project("{8BC9CEB8-8B4A-11D0-8D11-00A0C91BC942}") = "2D", "2D\2D.vcxproj", "{CB6F203D-8E18-4458-BFFA-2C2F7526B443}"
EndProject
Project("{8BC9CEB8-8B4A-11D0-8D11-00A0C91BC942}") = "TheMatrix", "TheMatrix\TheMatrix.vcxproj", "{C3A3DEDB-B156-4E38-9E8E-6C6116D429FE}"
EndProject
Project("{8BC9CEB8-8B4A-11D0-8D11-00A0C91BC942}") = "Sirrius", "Sirrius\Sirrius.vcxproj", "{FF5CF392-5669-4FAE-8A21-3C1BBA90012D}"
EndProject
Global
	GlobalSection(SolutionConfigurationPlatforms) = preSolution
		Debug|x64 = Debug|x64
		Debug|x86 = Debug|x86
		Release|x64 = Release|x64
		Release|x86 = Release|x86
	EndGlobalSection
	GlobalSection(ProjectConfigurationPlatforms) = postSolution
		{6EBB4D21-15AA-4EB5-AC26-FBC894EEFAC2}.Debug|x64.ActiveCfg = Debug|x64
		{6EBB4D21-15AA-4EB5-AC26-FBC894EEFAC2}.Debug|x64.Build.0 = Debug|x64
		{6EBB4D21-15AA-4EB5-AC26-FBC894EEFAC2}.Debug|x86.ActiveCfg = Debug|Win32
		{6EBB4D21-15AA-4EB5-AC26-FBC894EEFAC2}.Debug|x86.Build.0 = Debug|Win32
		{6EBB4D21-15AA-4EB5-AC26-FBC894EEFAC2}.Release|x64.ActiveCfg = Release|x64
		{6EBB4D21-15AA-4EB5-AC26-FBC894EEFAC2}.Release|x64.Build.0 = Release|x64
		{6EBB4D21-15AA-4EB5-AC26-FBC894EEFAC2}.Release|x86.ActiveCfg = Release|Win32
		{6EBB4D21-15AA-4EB5-AC26-FBC894EEFAC2}.Release|x86.Build.0 = Release|Win32
		{0BEED6CC-20F0-47CB-B6F2-C43BED0C0309}.Debug|x64.ActiveCfg = Debug|x64
		{0BEED6CC-20F0-47CB-B6F2-C43BED0C0309}.Debug|x64.Build.0 = Debug|x64
		{0BEED6CC-20F0-47CB-B6F2-C43BED0C0309}.Debug|x86.ActiveCfg = Debug|Win32
		{0BEED6CC-20F0-47CB-B6F2-C43BED0C0309}.Debug|x86.Build.0 = Debug|Win32
		{0BEED6CC-20F0-47CB-B6F2-C43BED0C0309}.Release|x64.ActiveCfg = Release|x64
		{0BEED6CC-20F0-47CB-B6F2-C43BED0C0309}.Release|x64.Build.0 = Release|x64
		{0BEED6CC-20F0-47CB-B6F2-C43BED0C0309}.Release|x86.ActiveCfg = Release|Win32
		{0BEED6CC-20F0-47CB-B6F2-C43BED0C0309}.Release|x86.Build.0 = Release|Win32
		{9410FC15-04A0-4569-AF16-D84D2F51A4DA}.Debug|x64.ActiveCfg = Debug|x64
		{9410FC15-04A0-4569-AF16-D84D2F51A4DA}.Debug|x64.Build.0 = Debug|x64
		{9410FC15-04A0-4569-AF16-D84D2F51A4DA}.Debug|x86.ActiveCfg = Debug|Win32
		{9410FC15-04A0-4569-AF16-D84D2F51A4DA}.Debug|x86.Build.0 = Debug|Win32
		{9410FC15-04A0-4569-AF16-D84D2F51A4DA}.Release|x64.ActiveCfg = Release|x64
		{9410FC15-04A0-4569-AF16-D84D2F51A4DA}.Release|x64.Build.0 = Release|x64
		{9410FC15-04A0-4569-AF16-D84D2F51A4DA}.Release|x86.ActiveCfg = Release|Win32
		{9410FC15-04A0-4569-AF16-D84D2F51A4DA}.Release|x86.Build.0 = Release|Win32
		{ADD95326-3DFD-4207-ABC2-57E343B375AF}.Debug|x64.ActiveCfg = Debug|x64
		{ADD95326-3DFD-4207-ABC2-57E343B375AF}.Debug|x64.Build.0 = Debug|x64
		{ADD95326-3DFD-4207-ABC2-57E343B375AF}.Debug|x86.ActiveCfg = Debug|Win32
		{ADD95326-3DFD-4207-ABC2-57E343B375AF}.Debug|x86.Build.0 = Debug|Win32
		{ADD95326-3DFD-4207-ABC2-57E343B375AF}.Release|x64.ActiveCfg = Release|x64
		{ADD95326-3DFD-4207-ABC2-57E343B375AF}.Release|x64.Build.0 = Release|x64
		{ADD95326-3DFD-4207-ABC2-57E343B375AF}.Release|x86.ActiveCfg = Release|Win32
		{ADD95326-3DFD-4207-ABC2-57E343B375AF}.Release|x86.Build.0 = Release|Win32
		{DDEA3B12-41BD-46BB-A61D-2733B1520FA3}.Debug|x64.ActiveCfg = Debug|x64
		{DDEA3B12-41BD-46BB-A61D-2733B1520FA3}.Debug|x64.Build.0 = Debug|x64
		{DDEA3B12-41BD-46BB-A61D-2733B1520FA3}.Debug|x86.ActiveCfg = Debug|Win32
		{DDEA3B12-41BD-46BB-A61D-2733B1520FA3}.Debug|x86.Build.0 = Debug|Win32
		{DDEA3B12-41BD-46BB-A61D-2733B1520FA3}.Release|x64.ActiveCfg = Release|x64
		{DDEA3B12-41BD-46BB-A61D-2733B1520FA3}.Release|x64.Build.0 = Release|x64
		{DDEA3B12-41BD-46BB-A61D-2733B1520FA3}.Release|x86.ActiveCfg = Release|Win32
		{DDEA3B12-41BD-46BB-A61D-2733B1520FA3}.Release|x86.Build.0 = Release|Win32
		{EB91E0C1-B9BD-4873-86FF-DB3C54399712}.Debug|x64.ActiveCfg = Debug|x64
		{EB91E0C1-B9BD-4873-86FF-DB3C54399712}.Debug|x64.Build.0 = Debug|x64
		{EB91E0C1-B9BD-4873-86FF-DB3C54399712}.Debug|x86.ActiveCfg = Debug|Win32
		{EB91E0C1-B9BD-4873-86FF-DB3C54399712}.Debug|x86.Build.0 = Debug|Win32
		{EB91E0C1-B9BD-4873-86FF-DB3C54399712}.Release|x64.ActiveCfg = Release|x64
		{EB91E0C1-B9BD-4873-86FF-DB3C54399712}.Release|x64.Build.0 = Release|x64
		{EB91E0C1-B9BD-4873-86FF-DB3C54399712}.Release|x86.ActiveCfg = Release|Win32
		{EB91E0C1-B9BD-4873-86FF-DB3C54399712}.Release|x86.Build.0 = Release|Win32
		{CB6F203D-8E18-4458-BFFA-2C2F7526B443}.Debug|x64.ActiveCfg = Debug|x64
		{CB6F203D-8E18-4458-BFFA-2C2F7526B443}.Debug|x64.Build.0 = Debug|x64
		{CB6F203D-8E18-4458-BFFA-2C2F7526B443}.Debug|x86.ActiveCfg = Debug|Win32
		{CB6F203D-8E18-4458-BFFA-2C2F7526B443}.Debug|x86.Build.0 = Debug|Win32
		{CB6F203D-8E18-4458-BFFA-2C2F7526B443}.Release|x64.ActiveCfg = Release|x64
		{CB6F203D-8E18-4458-BFFA-2C2F7526B443}.Release|x64.Build.0 = Release|x64
		{CB6F203D-8E18-4458-BFFA-2C2F7526B443}.Release|x86.ActiveCfg = Release|Win32
		{CB6F203D-8E18-4458-BFFA-2C2F7526B443}.Release|x86.Build.0 = Release|Win32
		{C3A3DEDB-B156-4E38-9E8E-6C6116D429FE}.Debug|x64.ActiveCfg = Debug|x64
		{C3A3DEDB-B156-4E38-9E8E-6C6116D429FE}.Debug|x64.Build.0 = Debug|x64
		{C3A3DEDB-B156-4E38-9E8E-6C6116D429FE}.Debug|x86.ActiveCfg = Debug|Win32
		{C3A3DEDB-B156-4E38-9E8E-6C6116D429FE}.Debug|x86.Build.0 = Debug|Win32
		{C3A3DEDB-B156-4E38-9E8E-6C6116D429FE}.Release|x64.ActiveCfg = Release|x64
		{C3A3DEDB-B156-4E38-9E8E-6C6116D429FE}.Release|x64.Build.0 = Release|x64
		{C3A3DEDB-B156-4E38-9E8E-6C6116D429FE}.Release|x86.ActiveCfg = Release|Win32
		{C3A3DEDB-B156-4E38-9E8E-6C6116D429FE}.Release|x86.Build.0 = Release|Win32
		{FF5CF392-5669-4FAE-8A21-3C1BBA90012D}.Debug|x64.ActiveCfg = Debug|x64
		{FF5CF392-5669-4FAE-8A21-3C1BBA90012D}.Debug|x64.Build.0 = Debug|x64
		{FF5CF392-5669-4FAE-8A21-3C1BBA90012D}.Debug|x86.ActiveCfg = Debug|Win32
		{FF5CF392-5669-4FAE-8A21-3C1BBA90012D}.Debug|x86.Build.0 = Debug|Win32
		{FF5CF392-5669-4FAE-8A21-3C1BBA90012D}.Release|x64.ActiveCfg = Release|x64
		{FF5CF392-5669-4FAE-8A21-3C1BBA90012D}.Release|x64.Build.0 = Release|x64
		{FF5CF392-5669-4FAE-8A21-3C1BBA90012D}.Release|x86.ActiveCfg = Release|Win32
		{FF5CF392-5669-4FAE-8A21-3C1BBA90012D}.Release|x86.Build.0 = Release|Win32
	EndGlobalSection
	GlobalSection(SolutionProperties) = preSolution
		HideSolutionNode = FALSE
	EndGlobalSection
	GlobalSection(ExtensibilityGlobals) = postSolution
		SolutionGuid = {5C8591C2-164C-4919-9710-CF4C14928A76}
	EndGlobalSection
EndGlobal
