
Microsoft Visual Studio Solution File, Format Version 12.00
# Visual Studio Version 16
VisualStudioVersion = 16.0.30503.244
MinimumVisualStudioVersion = 10.0.40219.1
Project("{8BC9CEB8-8B4A-11D0-8D11-00A0C91BC942}") = "ControlStructures", "ControlStructures\ControlStructures.vcxproj", "{2D2DAEBA-ABA1-4F2E-8733-3009B8493F87}"
EndProject
Project("{8BC9CEB8-8B4A-11D0-8D11-00A0C91BC942}") = "HomeWork", "HomeWork\HomeWork.vcxproj", "{C3344F57-628E-40A1-83FC-6AAAD594BE63}"
EndProject
Project("{8BC9CEB8-8B4A-11D0-8D11-00A0C91BC942}") = "Calc", "Calc\Calc.vcxproj", "{E7D0CF21-A274-4B62-9566-0E259A94BA5F}"
EndProject
Project("{8BC9CEB8-8B4A-11D0-8D11-00A0C91BC942}") = "Loops", "Loops\Loops.vcxproj", "{C5EF4688-BDFE-4E24-A2EE-57FDEB183277}"
EndProject
Project("{8BC9CEB8-8B4A-11D0-8D11-00A0C91BC942}") = "Shooter", "Shooter\Shooter.vcxproj", "{E6290A0E-EDD4-4A37-A9F1-05A7074A88B7}"
EndProject
Project("{8BC9CEB8-8B4A-11D0-8D11-00A0C91BC942}") = "NumberSuffix", "NumberSuffix\NumberSuffix.vcxproj", "{0EA9CFFA-2A33-40E1-9045-67347A13E248}"
EndProject
Project("{8BC9CEB8-8B4A-11D0-8D11-00A0C91BC942}") = "FOR_LOOP", "FOR_LOOP\FOR_LOOP.vcxproj", "{35FD15AC-5FFC-4394-AF97-B97B28612071}"
EndProject
Project("{8BC9CEB8-8B4A-11D0-8D11-00A0C91BC942}") = "NESTED_FOR", "NESTED_FOR\NESTED_FOR.vcxproj", "{963732BC-8BF0-4D0C-932B-3A5EEC3603E9}"
EndProject
Project("{8BC9CEB8-8B4A-11D0-8D11-00A0C91BC942}") = "Geometria", "Geometria\Geometria.vcxproj", "{8D02DC26-0498-47CF-A917-2951461A6C62}"
EndProject
Project("{8BC9CEB8-8B4A-11D0-8D11-00A0C91BC942}") = "ChessBoard", "ChessBoard\ChessBoard.vcxproj", "{CD1E47E6-E402-42BD-A483-56D903395E70}"
EndProject
Global
	GlobalSection(SolutionConfigurationPlatforms) = preSolution
		Debug|x64 = Debug|x64
		Debug|x86 = Debug|x86
		Release|x64 = Release|x64
		Release|x86 = Release|x86
	EndGlobalSection
	GlobalSection(ProjectConfigurationPlatforms) = postSolution
		{2D2DAEBA-ABA1-4F2E-8733-3009B8493F87}.Debug|x64.ActiveCfg = Debug|x64
		{2D2DAEBA-ABA1-4F2E-8733-3009B8493F87}.Debug|x64.Build.0 = Debug|x64
		{2D2DAEBA-ABA1-4F2E-8733-3009B8493F87}.Debug|x86.ActiveCfg = Debug|Win32
		{2D2DAEBA-ABA1-4F2E-8733-3009B8493F87}.Debug|x86.Build.0 = Debug|Win32
		{2D2DAEBA-ABA1-4F2E-8733-3009B8493F87}.Release|x64.ActiveCfg = Release|x64
		{2D2DAEBA-ABA1-4F2E-8733-3009B8493F87}.Release|x64.Build.0 = Release|x64
		{2D2DAEBA-ABA1-4F2E-8733-3009B8493F87}.Release|x86.ActiveCfg = Release|Win32
		{2D2DAEBA-ABA1-4F2E-8733-3009B8493F87}.Release|x86.Build.0 = Release|Win32
		{C3344F57-628E-40A1-83FC-6AAAD594BE63}.Debug|x64.ActiveCfg = Debug|x64
		{C3344F57-628E-40A1-83FC-6AAAD594BE63}.Debug|x64.Build.0 = Debug|x64
		{C3344F57-628E-40A1-83FC-6AAAD594BE63}.Debug|x86.ActiveCfg = Debug|Win32
		{C3344F57-628E-40A1-83FC-6AAAD594BE63}.Debug|x86.Build.0 = Debug|Win32
		{C3344F57-628E-40A1-83FC-6AAAD594BE63}.Release|x64.ActiveCfg = Release|x64
		{C3344F57-628E-40A1-83FC-6AAAD594BE63}.Release|x64.Build.0 = Release|x64
		{C3344F57-628E-40A1-83FC-6AAAD594BE63}.Release|x86.ActiveCfg = Release|Win32
		{C3344F57-628E-40A1-83FC-6AAAD594BE63}.Release|x86.Build.0 = Release|Win32
		{E7D0CF21-A274-4B62-9566-0E259A94BA5F}.Debug|x64.ActiveCfg = Debug|x64
		{E7D0CF21-A274-4B62-9566-0E259A94BA5F}.Debug|x64.Build.0 = Debug|x64
		{E7D0CF21-A274-4B62-9566-0E259A94BA5F}.Debug|x86.ActiveCfg = Debug|Win32
		{E7D0CF21-A274-4B62-9566-0E259A94BA5F}.Debug|x86.Build.0 = Debug|Win32
		{E7D0CF21-A274-4B62-9566-0E259A94BA5F}.Release|x64.ActiveCfg = Release|x64
		{E7D0CF21-A274-4B62-9566-0E259A94BA5F}.Release|x64.Build.0 = Release|x64
		{E7D0CF21-A274-4B62-9566-0E259A94BA5F}.Release|x86.ActiveCfg = Release|Win32
		{E7D0CF21-A274-4B62-9566-0E259A94BA5F}.Release|x86.Build.0 = Release|Win32
		{C5EF4688-BDFE-4E24-A2EE-57FDEB183277}.Debug|x64.ActiveCfg = Debug|x64
		{C5EF4688-BDFE-4E24-A2EE-57FDEB183277}.Debug|x64.Build.0 = Debug|x64
		{C5EF4688-BDFE-4E24-A2EE-57FDEB183277}.Debug|x86.ActiveCfg = Debug|Win32
		{C5EF4688-BDFE-4E24-A2EE-57FDEB183277}.Debug|x86.Build.0 = Debug|Win32
		{C5EF4688-BDFE-4E24-A2EE-57FDEB183277}.Release|x64.ActiveCfg = Release|x64
		{C5EF4688-BDFE-4E24-A2EE-57FDEB183277}.Release|x64.Build.0 = Release|x64
		{C5EF4688-BDFE-4E24-A2EE-57FDEB183277}.Release|x86.ActiveCfg = Release|Win32
		{C5EF4688-BDFE-4E24-A2EE-57FDEB183277}.Release|x86.Build.0 = Release|Win32
		{E6290A0E-EDD4-4A37-A9F1-05A7074A88B7}.Debug|x64.ActiveCfg = Debug|x64
		{E6290A0E-EDD4-4A37-A9F1-05A7074A88B7}.Debug|x64.Build.0 = Debug|x64
		{E6290A0E-EDD4-4A37-A9F1-05A7074A88B7}.Debug|x86.ActiveCfg = Debug|Win32
		{E6290A0E-EDD4-4A37-A9F1-05A7074A88B7}.Debug|x86.Build.0 = Debug|Win32
		{E6290A0E-EDD4-4A37-A9F1-05A7074A88B7}.Release|x64.ActiveCfg = Release|x64
		{E6290A0E-EDD4-4A37-A9F1-05A7074A88B7}.Release|x64.Build.0 = Release|x64
		{E6290A0E-EDD4-4A37-A9F1-05A7074A88B7}.Release|x86.ActiveCfg = Release|Win32
		{E6290A0E-EDD4-4A37-A9F1-05A7074A88B7}.Release|x86.Build.0 = Release|Win32
		{0EA9CFFA-2A33-40E1-9045-67347A13E248}.Debug|x64.ActiveCfg = Debug|x64
		{0EA9CFFA-2A33-40E1-9045-67347A13E248}.Debug|x64.Build.0 = Debug|x64
		{0EA9CFFA-2A33-40E1-9045-67347A13E248}.Debug|x86.ActiveCfg = Debug|Win32
		{0EA9CFFA-2A33-40E1-9045-67347A13E248}.Debug|x86.Build.0 = Debug|Win32
		{0EA9CFFA-2A33-40E1-9045-67347A13E248}.Release|x64.ActiveCfg = Release|x64
		{0EA9CFFA-2A33-40E1-9045-67347A13E248}.Release|x64.Build.0 = Release|x64
		{0EA9CFFA-2A33-40E1-9045-67347A13E248}.Release|x86.ActiveCfg = Release|Win32
		{0EA9CFFA-2A33-40E1-9045-67347A13E248}.Release|x86.Build.0 = Release|Win32
		{35FD15AC-5FFC-4394-AF97-B97B28612071}.Debug|x64.ActiveCfg = Debug|x64
		{35FD15AC-5FFC-4394-AF97-B97B28612071}.Debug|x64.Build.0 = Debug|x64
		{35FD15AC-5FFC-4394-AF97-B97B28612071}.Debug|x86.ActiveCfg = Debug|Win32
		{35FD15AC-5FFC-4394-AF97-B97B28612071}.Debug|x86.Build.0 = Debug|Win32
		{35FD15AC-5FFC-4394-AF97-B97B28612071}.Release|x64.ActiveCfg = Release|x64
		{35FD15AC-5FFC-4394-AF97-B97B28612071}.Release|x64.Build.0 = Release|x64
		{35FD15AC-5FFC-4394-AF97-B97B28612071}.Release|x86.ActiveCfg = Release|Win32
		{35FD15AC-5FFC-4394-AF97-B97B28612071}.Release|x86.Build.0 = Release|Win32
		{963732BC-8BF0-4D0C-932B-3A5EEC3603E9}.Debug|x64.ActiveCfg = Debug|x64
		{963732BC-8BF0-4D0C-932B-3A5EEC3603E9}.Debug|x64.Build.0 = Debug|x64
		{963732BC-8BF0-4D0C-932B-3A5EEC3603E9}.Debug|x86.ActiveCfg = Debug|Win32
		{963732BC-8BF0-4D0C-932B-3A5EEC3603E9}.Debug|x86.Build.0 = Debug|Win32
		{963732BC-8BF0-4D0C-932B-3A5EEC3603E9}.Release|x64.ActiveCfg = Release|x64
		{963732BC-8BF0-4D0C-932B-3A5EEC3603E9}.Release|x64.Build.0 = Release|x64
		{963732BC-8BF0-4D0C-932B-3A5EEC3603E9}.Release|x86.ActiveCfg = Release|Win32
		{963732BC-8BF0-4D0C-932B-3A5EEC3603E9}.Release|x86.Build.0 = Release|Win32
		{8D02DC26-0498-47CF-A917-2951461A6C62}.Debug|x64.ActiveCfg = Debug|x64
		{8D02DC26-0498-47CF-A917-2951461A6C62}.Debug|x64.Build.0 = Debug|x64
		{8D02DC26-0498-47CF-A917-2951461A6C62}.Debug|x86.ActiveCfg = Debug|Win32
		{8D02DC26-0498-47CF-A917-2951461A6C62}.Debug|x86.Build.0 = Debug|Win32
		{8D02DC26-0498-47CF-A917-2951461A6C62}.Release|x64.ActiveCfg = Release|x64
		{8D02DC26-0498-47CF-A917-2951461A6C62}.Release|x64.Build.0 = Release|x64
		{8D02DC26-0498-47CF-A917-2951461A6C62}.Release|x86.ActiveCfg = Release|Win32
		{8D02DC26-0498-47CF-A917-2951461A6C62}.Release|x86.Build.0 = Release|Win32
		{CD1E47E6-E402-42BD-A483-56D903395E70}.Debug|x64.ActiveCfg = Debug|x64
		{CD1E47E6-E402-42BD-A483-56D903395E70}.Debug|x64.Build.0 = Debug|x64
		{CD1E47E6-E402-42BD-A483-56D903395E70}.Debug|x86.ActiveCfg = Debug|Win32
		{CD1E47E6-E402-42BD-A483-56D903395E70}.Debug|x86.Build.0 = Debug|Win32
		{CD1E47E6-E402-42BD-A483-56D903395E70}.Release|x64.ActiveCfg = Release|x64
		{CD1E47E6-E402-42BD-A483-56D903395E70}.Release|x64.Build.0 = Release|x64
		{CD1E47E6-E402-42BD-A483-56D903395E70}.Release|x86.ActiveCfg = Release|Win32
		{CD1E47E6-E402-42BD-A483-56D903395E70}.Release|x86.Build.0 = Release|Win32
	EndGlobalSection
	GlobalSection(SolutionProperties) = preSolution
		HideSolutionNode = FALSE
	EndGlobalSection
	GlobalSection(ExtensibilityGlobals) = postSolution
		SolutionGuid = {8161C396-F0FF-44EE-9391-636BBB1B5BBA}
	EndGlobalSection
EndGlobal
