
Microsoft Visual Studio Solution File, Format Version 12.00
# Visual Studio 15
VisualStudioVersion = 15.0.28307.1082
MinimumVisualStudioVersion = 10.0.40219.1
Project("{8BC9CEB8-8B4A-11D0-8D11-00A0C91BC942}") = "DynamicMemory", "DynamicMemory\DynamicMemory.vcxproj", "{4B67DC3A-34EC-4802-BB35-20EF1079FCFD}"
EndProject
Project("{8BC9CEB8-8B4A-11D0-8D11-00A0C91BC942}") = "Split", "Split\Split.vcxproj", "{97CF5A37-9AD0-40B7-98C8-FDFB884B40FE}"
EndProject
Global
	GlobalSection(SolutionConfigurationPlatforms) = preSolution
		Debug|x64 = Debug|x64
		Debug|x86 = Debug|x86
		Release|x64 = Release|x64
		Release|x86 = Release|x86
	EndGlobalSection
	GlobalSection(ProjectConfigurationPlatforms) = postSolution
		{4B67DC3A-34EC-4802-BB35-20EF1079FCFD}.Debug|x64.ActiveCfg = Debug|x64
		{4B67DC3A-34EC-4802-BB35-20EF1079FCFD}.Debug|x64.Build.0 = Debug|x64
		{4B67DC3A-34EC-4802-BB35-20EF1079FCFD}.Debug|x86.ActiveCfg = Debug|Win32
		{4B67DC3A-34EC-4802-BB35-20EF1079FCFD}.Debug|x86.Build.0 = Debug|Win32
		{4B67DC3A-34EC-4802-BB35-20EF1079FCFD}.Release|x64.ActiveCfg = Release|x64
		{4B67DC3A-34EC-4802-BB35-20EF1079FCFD}.Release|x64.Build.0 = Release|x64
		{4B67DC3A-34EC-4802-BB35-20EF1079FCFD}.Release|x86.ActiveCfg = Release|Win32
		{4B67DC3A-34EC-4802-BB35-20EF1079FCFD}.Release|x86.Build.0 = Release|Win32
		{97CF5A37-9AD0-40B7-98C8-FDFB884B40FE}.Debug|x64.ActiveCfg = Debug|x64
		{97CF5A37-9AD0-40B7-98C8-FDFB884B40FE}.Debug|x64.Build.0 = Debug|x64
		{97CF5A37-9AD0-40B7-98C8-FDFB884B40FE}.Debug|x86.ActiveCfg = Debug|Win32
		{97CF5A37-9AD0-40B7-98C8-FDFB884B40FE}.Debug|x86.Build.0 = Debug|Win32
		{97CF5A37-9AD0-40B7-98C8-FDFB884B40FE}.Release|x64.ActiveCfg = Release|x64
		{97CF5A37-9AD0-40B7-98C8-FDFB884B40FE}.Release|x64.Build.0 = Release|x64
		{97CF5A37-9AD0-40B7-98C8-FDFB884B40FE}.Release|x86.ActiveCfg = Release|Win32
		{97CF5A37-9AD0-40B7-98C8-FDFB884B40FE}.Release|x86.Build.0 = Release|Win32
	EndGlobalSection
	GlobalSection(SolutionProperties) = preSolution
		HideSolutionNode = FALSE
	EndGlobalSection
	GlobalSection(ExtensibilityGlobals) = postSolution
		SolutionGuid = {9EEA9717-A591-41D6-A0B6-240F162B8BA2}
	EndGlobalSection
EndGlobal
